
Microsoft Visual Studio Solution File, Format Version 12.00
# Visual Studio Version 17
VisualStudioVersion = 17.3.32901.215
MinimumVisualStudioVersion = 10.0.40219.1
Project("{FAE04EC0-301F-11D3-BF4B-00C04F79EFBC}") = "Employee_Payroll", "Employee_Payroll.csproj", "{1C98431E-C559-4E4A-9BE3-18AAF986F2A6}"
EndProject
Global
	GlobalSection(SolutionConfigurationPlatforms) = preSolution
		Debug|Any CPU = Debug|Any CPU
		Release|Any CPU = Release|Any CPU
	EndGlobalSection
	GlobalSection(ProjectConfigurationPlatforms) = postSolution
		{1C98431E-C559-4E4A-9BE3-18AAF986F2A6}.Debug|Any CPU.ActiveCfg = Debug|Any CPU
		{1C98431E-C559-4E4A-9BE3-18AAF986F2A6}.Debug|Any CPU.Build.0 = Debug|Any CPU
		{1C98431E-C559-4E4A-9BE3-18AAF986F2A6}.Release|Any CPU.ActiveCfg = Release|Any CPU
		{1C98431E-C559-4E4A-9BE3-18AAF986F2A6}.Release|Any CPU.Build.0 = Release|Any CPU
	EndGlobalSection
	GlobalSection(SolutionProperties) = preSolution
		HideSolutionNode = FALSE
	EndGlobalSection
	GlobalSection(ExtensibilityGlobals) = postSolution
		SolutionGuid = {CC20F5E4-F705-4E71-BB0C-3A3094DA6D90}
	EndGlobalSection
EndGlobal
